
Microsoft Visual Studio Solution File, Format Version 12.00
# Visual Studio 15
VisualStudioVersion = 15.0.27130.2036
MinimumVisualStudioVersion = 10.0.40219.1
Project("{FAE04EC0-301F-11D3-BF4B-00C04F79EFBC}") = "MvcMovie", "MvcMovie\MvcMovie.csproj", "{68AE178E-A282-4C6D-A48A-039E4A4E89D6}"
EndProject
Global
	GlobalSection(SolutionConfigurationPlatforms) = preSolution
		Debug|Any CPU = Debug|Any CPU
		Release|Any CPU = Release|Any CPU
	EndGlobalSection
	GlobalSection(ProjectConfigurationPlatforms) = postSolution
		{68AE178E-A282-4C6D-A48A-039E4A4E89D6}.Debug|Any CPU.ActiveCfg = Debug|Any CPU
		{68AE178E-A282-4C6D-A48A-039E4A4E89D6}.Debug|Any CPU.Build.0 = Debug|Any CPU
		{68AE178E-A282-4C6D-A48A-039E4A4E89D6}.Release|Any CPU.ActiveCfg = Release|Any CPU
		{68AE178E-A282-4C6D-A48A-039E4A4E89D6}.Release|Any CPU.Build.0 = Release|Any CPU
	EndGlobalSection
	GlobalSection(SolutionProperties) = preSolution
		HideSolutionNode = FALSE
	EndGlobalSection
	GlobalSection(ExtensibilityGlobals) = postSolution
		SolutionGuid = {6B67AE36-44EC-4AEF-985A-6005F81FC7F9}
	EndGlobalSection
EndGlobal
